
Microsoft Visual Studio Solution File, Format Version 12.00
# Visual Studio Version 16
VisualStudioVersion = 16.0.30128.74
MinimumVisualStudioVersion = 10.0.40219.1
Project("{FAE04EC0-301F-11D3-BF4B-00C04F79EFBC}") = "ConsoleUI", "ConsoleUI\ConsoleUI.csproj", "{68F31EA1-4EFA-4181-8B83-1414F8D81FAF}"
EndProject
Project("{FAE04EC0-301F-11D3-BF4B-00C04F79EFBC}") = "GuestBookLirbrary", "GuestBookLirbrary\GuestBookLirbrary.csproj", "{6C63F657-77B3-483B-BDC6-B42316DAE2D5}"
EndProject
Global
	GlobalSection(SolutionConfigurationPlatforms) = preSolution
		Debug|Any CPU = Debug|Any CPU
		Release|Any CPU = Release|Any CPU
	EndGlobalSection
	GlobalSection(ProjectConfigurationPlatforms) = postSolution
		{68F31EA1-4EFA-4181-8B83-1414F8D81FAF}.Debug|Any CPU.ActiveCfg = Debug|Any CPU
		{68F31EA1-4EFA-4181-8B83-1414F8D81FAF}.Debug|Any CPU.Build.0 = Debug|Any CPU
		{68F31EA1-4EFA-4181-8B83-1414F8D81FAF}.Release|Any CPU.ActiveCfg = Release|Any CPU
		{68F31EA1-4EFA-4181-8B83-1414F8D81FAF}.Release|Any CPU.Build.0 = Release|Any CPU
		{6C63F657-77B3-483B-BDC6-B42316DAE2D5}.Debug|Any CPU.ActiveCfg = Debug|Any CPU
		{6C63F657-77B3-483B-BDC6-B42316DAE2D5}.Debug|Any CPU.Build.0 = Debug|Any CPU
		{6C63F657-77B3-483B-BDC6-B42316DAE2D5}.Release|Any CPU.ActiveCfg = Release|Any CPU
		{6C63F657-77B3-483B-BDC6-B42316DAE2D5}.Release|Any CPU.Build.0 = Release|Any CPU
	EndGlobalSection
	GlobalSection(SolutionProperties) = preSolution
		HideSolutionNode = FALSE
	EndGlobalSection
	GlobalSection(ExtensibilityGlobals) = postSolution
		SolutionGuid = {284DF8B5-7B80-44C7-9CDD-069BF23DF6F6}
	EndGlobalSection
EndGlobal
