
Microsoft Visual Studio Solution File, Format Version 12.00
# Visual Studio Version 16
VisualStudioVersion = 16.0.30128.74
MinimumVisualStudioVersion = 10.0.40219.1
Project("{FAE04EC0-301F-11D3-BF4B-00C04F79EFBC}") = "ConsoleUI", "ConsoleUI\ConsoleUI.csproj", "{C47B49E1-F0B9-4B43-8F16-3A958B1886B5}"
EndProject
Global
	GlobalSection(SolutionConfigurationPlatforms) = preSolution
		Debug|Any CPU = Debug|Any CPU
		Release|Any CPU = Release|Any CPU
	EndGlobalSection
	GlobalSection(ProjectConfigurationPlatforms) = postSolution
		{C47B49E1-F0B9-4B43-8F16-3A958B1886B5}.Debug|Any CPU.ActiveCfg = Debug|Any CPU
		{C47B49E1-F0B9-4B43-8F16-3A958B1886B5}.Debug|Any CPU.Build.0 = Debug|Any CPU
		{C47B49E1-F0B9-4B43-8F16-3A958B1886B5}.Release|Any CPU.ActiveCfg = Release|Any CPU
		{C47B49E1-F0B9-4B43-8F16-3A958B1886B5}.Release|Any CPU.Build.0 = Release|Any CPU
	EndGlobalSection
	GlobalSection(SolutionProperties) = preSolution
		HideSolutionNode = FALSE
	EndGlobalSection
	GlobalSection(ExtensibilityGlobals) = postSolution
		SolutionGuid = {7BC1F65C-9350-491C-AF5D-7027D120C6A3}
	EndGlobalSection
EndGlobal
