
Microsoft Visual Studio Solution File, Format Version 12.00
# Visual Studio Version 16
VisualStudioVersion = 16.0.30128.74
MinimumVisualStudioVersion = 10.0.40219.1
Project("{FAE04EC0-301F-11D3-BF4B-00C04F79EFBC}") = "ConsoleUI", "ConsoleUI\ConsoleUI.csproj", "{CC73DBD5-A39E-4AC1-B27D-0D6E4DB3795E}"
EndProject
Global
	GlobalSection(SolutionConfigurationPlatforms) = preSolution
		Debug|Any CPU = Debug|Any CPU
		Release|Any CPU = Release|Any CPU
	EndGlobalSection
	GlobalSection(ProjectConfigurationPlatforms) = postSolution
		{CC73DBD5-A39E-4AC1-B27D-0D6E4DB3795E}.Debug|Any CPU.ActiveCfg = Debug|Any CPU
		{CC73DBD5-A39E-4AC1-B27D-0D6E4DB3795E}.Debug|Any CPU.Build.0 = Debug|Any CPU
		{CC73DBD5-A39E-4AC1-B27D-0D6E4DB3795E}.Release|Any CPU.ActiveCfg = Release|Any CPU
		{CC73DBD5-A39E-4AC1-B27D-0D6E4DB3795E}.Release|Any CPU.Build.0 = Release|Any CPU
	EndGlobalSection
	GlobalSection(SolutionProperties) = preSolution
		HideSolutionNode = FALSE
	EndGlobalSection
	GlobalSection(ExtensibilityGlobals) = postSolution
		SolutionGuid = {6A341047-B47D-4308-B696-5CB49FB953C5}
	EndGlobalSection
EndGlobal
